
Microsoft Visual Studio Solution File, Format Version 12.00
# Visual Studio Version 16
VisualStudioVersion = 16.0.30804.86
MinimumVisualStudioVersion = 10.0.40219.1
Project("{FAE04EC0-301F-11D3-BF4B-00C04F79EFBC}") = "CommandF.Users.API", "CommandF.Users.API\CommandF.Users.API.csproj", "{C2575E2C-9CF9-4EDB-96B7-75F8413F36DC}"
EndProject
Global
	GlobalSection(SolutionConfigurationPlatforms) = preSolution
		Debug|Any CPU = Debug|Any CPU
		Release|Any CPU = Release|Any CPU
	EndGlobalSection
	GlobalSection(ProjectConfigurationPlatforms) = postSolution
		{C2575E2C-9CF9-4EDB-96B7-75F8413F36DC}.Debug|Any CPU.ActiveCfg = Debug|Any CPU
		{C2575E2C-9CF9-4EDB-96B7-75F8413F36DC}.Debug|Any CPU.Build.0 = Debug|Any CPU
		{C2575E2C-9CF9-4EDB-96B7-75F8413F36DC}.Release|Any CPU.ActiveCfg = Release|Any CPU
		{C2575E2C-9CF9-4EDB-96B7-75F8413F36DC}.Release|Any CPU.Build.0 = Release|Any CPU
	EndGlobalSection
	GlobalSection(SolutionProperties) = preSolution
		HideSolutionNode = FALSE
	EndGlobalSection
	GlobalSection(ExtensibilityGlobals) = postSolution
		SolutionGuid = {CD8437FF-E431-4ED2-BC9D-1F51B653B976}
	EndGlobalSection
EndGlobal
